
Microsoft Visual Studio Solution File, Format Version 12.00
# Visual Studio Version 17
VisualStudioVersion = 17.14.36414.22 d17.14
MinimumVisualStudioVersion = 10.0.40219.1
Project("{FAE04EC0-301F-11D3-BF4B-00C04F79EFBC}") = "Vector_Ejecucion", "Vector_Ejecucion\Vector_Ejecucion.csproj", "{3FCF8B00-5DCD-4A7F-954D-16A6FC7A3308}"
EndProject
Global
	GlobalSection(SolutionConfigurationPlatforms) = preSolution
		Debug|Any CPU = Debug|Any CPU
		Release|Any CPU = Release|Any CPU
	EndGlobalSection
	GlobalSection(ProjectConfigurationPlatforms) = postSolution
		{3FCF8B00-5DCD-4A7F-954D-16A6FC7A3308}.Debug|Any CPU.ActiveCfg = Debug|Any CPU
		{3FCF8B00-5DCD-4A7F-954D-16A6FC7A3308}.Debug|Any CPU.Build.0 = Debug|Any CPU
		{3FCF8B00-5DCD-4A7F-954D-16A6FC7A3308}.Release|Any CPU.ActiveCfg = Release|Any CPU
		{3FCF8B00-5DCD-4A7F-954D-16A6FC7A3308}.Release|Any CPU.Build.0 = Release|Any CPU
	EndGlobalSection
	GlobalSection(SolutionProperties) = preSolution
		HideSolutionNode = FALSE
	EndGlobalSection
	GlobalSection(ExtensibilityGlobals) = postSolution
		SolutionGuid = {1C1F9AED-8E9A-4394-B348-A9B57F137DA8}
	EndGlobalSection
EndGlobal
